
Microsoft Visual Studio Solution File, Format Version 12.00
# Visual Studio Version 16
VisualStudioVersion = 16.0.30804.86
MinimumVisualStudioVersion = 10.0.40219.1
Project("{9A19103F-16F7-4668-BE54-9A1E7A4F7556}") = "ExponentialRegression", "ExponentialRegression.csproj", "{FDE810A4-F70F-4BB7-AB18-E1A420CD91E1}"
EndProject
Global
	GlobalSection(SolutionConfigurationPlatforms) = preSolution
		Debug|Any CPU = Debug|Any CPU
		Release|Any CPU = Release|Any CPU
	EndGlobalSection
	GlobalSection(ProjectConfigurationPlatforms) = postSolution
		{FDE810A4-F70F-4BB7-AB18-E1A420CD91E1}.Debug|Any CPU.ActiveCfg = Debug|Any CPU
		{FDE810A4-F70F-4BB7-AB18-E1A420CD91E1}.Debug|Any CPU.Build.0 = Debug|Any CPU
		{FDE810A4-F70F-4BB7-AB18-E1A420CD91E1}.Release|Any CPU.ActiveCfg = Release|Any CPU
		{FDE810A4-F70F-4BB7-AB18-E1A420CD91E1}.Release|Any CPU.Build.0 = Release|Any CPU
	EndGlobalSection
	GlobalSection(SolutionProperties) = preSolution
		HideSolutionNode = FALSE
	EndGlobalSection
	GlobalSection(ExtensibilityGlobals) = postSolution
		SolutionGuid = {5C4BEA36-6976-4988-AF8D-BC9B41CC0D8F}
	EndGlobalSection
EndGlobal
